{
  "requires": true,
  "lockfileVersion": 1,
  "dependencies": {
    "@angular-material-components/datetime-picker": {
      "version": "6.0.2",
      "resolved": "https://registry.npmjs.org/@angular-material-components/datetime-picker/-/datetime-picker-6.0.2.tgz",
      "integrity": "sha512-CFuzjEiGfDexRIozX41O6bCwwlZPB7hTKXaX8l66kvBf+aTSQhFolWMItgyDDtHyTEVDGiaYGNvFX7lWmBDwFQ==",
      "requires": {
        "tslib": "^2.1.0"
      }
    },
    "@angular/cdk": {
      "version": "12.0.1",
      "resolved": "https://registry.npmjs.org/@angular/cdk/-/cdk-12.0.1.tgz",
      "integrity": "sha512-fO77bM0LWZeHkg+o23ZYGaZbth5DbaGDHrHVq+ygPA+wjmSDs12w2vIXQ6KpruGdP+28tAdpvZDMfD56N7xTbg==",
      "requires": {
        "parse5": "^5.0.0",
        "tslib": "^2.1.0"
      }
    },
    "@angular/common": {
      "version": "12.0.0",
      "resolved": "https://registry.npmjs.org/@angular/common/-/common-12.0.0.tgz",
      "integrity": "sha512-d6+WSnCFcxAHBsbCvBC3Rutmk+tB5CEdKhkTBY/vGe0A/MjbayzHR4IDv2i0+UZDLSgMJubqh3iCPUcSglXSEg==",
      "requires": {
        "tslib": "^2.1.0"
      }
    },
    "@angular/core": {
      "version": "12.0.0",
      "resolved": "https://registry.npmjs.org/@angular/core/-/core-12.0.0.tgz",
      "integrity": "sha512-fwXtF6qP8pr07+El/dg67RmgsI4Ubfi+E5YLjYKQ62gM8MzYyYGmLPakFzFnbzYrOr05zdprrbcVgGtMRHapMA==",
      "requires": {
        "tslib": "^2.1.0"
      }
    },
    "@angular/forms": {
      "version": "12.0.0",
      "resolved": "https://registry.npmjs.org/@angular/forms/-/forms-12.0.0.tgz",
      "integrity": "sha512-/Z2AWd2k/9cs+WwXBlZ8yUqgGsHYcp8g6PUCehZQk1gd/4n4FOKvTIGiypajGUPwO4GOHJDzibfCsGw8MenCpQ==",
      "requires": {
        "tslib": "^2.1.0"
      }
    },
    "@angular/material": {
      "version": "12.0.1",
      "resolved": "https://registry.npmjs.org/@angular/material/-/material-12.0.1.tgz",
      "integrity": "sha512-Sevy/ssBuidSbpixUH8SvBXpHn+rKYfDao2YTgQxBJugIun9mnV0QqlzVG2gkdVYCesqEgZJRe3k7QXq7E+vlw==",
      "requires": {
        "tslib": "^2.1.0"
      }
    },
    "@angular/platform-browser": {
      "version": "12.0.0",
      "resolved": "https://registry.npmjs.org/@angular/platform-browser/-/platform-browser-12.0.0.tgz",
      "integrity": "sha512-h+uMMluRh4dqJIor7EpvwNKRjv4xCxpttizJlqbo3vfcoOoLDoc9SvEFiXxd+UVh3S0re8zBsyBIJl+gTVFKWQ==",
      "requires": {
        "tslib": "^2.1.0"
      }
    },
    "@ng-bootstrap/ng-bootstrap": {
      "version": "9.1.1",
      "resolved": "https://registry.npmjs.org/@ng-bootstrap/ng-bootstrap/-/ng-bootstrap-9.1.1.tgz",
      "integrity": "sha512-m31qKJylYueXm+a3YEoOfnrJYR1lovb7WgaQwvXQz3dDmtaYRX4n8aPeCMp1VrI7hFfFITKWo0GxPaI3JIFk4w==",
      "requires": {
        "tslib": "^2.0.0"
      }
    },
    "parse5": {
      "version": "5.1.1",
      "resolved": "https://registry.npmjs.org/parse5/-/parse5-5.1.1.tgz",
      "integrity": "sha512-ugq4DFI0Ptb+WWjAdOK16+u/nHfiIrcE+sh8kZMaM0WllQKLI9rOUq6c2b7cwPkXdzfQESqvoqK6ug7U/Yyzug=="
    },
    "tslib": {
      "version": "2.2.0",
      "resolved": "https://registry.npmjs.org/tslib/-/tslib-2.2.0.tgz",
      "integrity": "sha512-gS9GVHRU+RGn5KQM2rllAlR3dU6m7AcpJKdtH8gFvQiC4Otgk98XnmMU+nZenHt/+VhnBPWwgrJsyrdcw6i23w=="
    }
  }
}
